{"schema":"rulery.rulebook-lock/v1","payload":{"root":{"package":"import-graph","version":"0.1.0","source":"root","content_hash":"blake3:9e3221818505d200a355615b68bca36dcb0dfd66ed6443527d59773d88484d63"},"language_version":1,"imports":[{"package":"shared-policies","version":"0.1.0","source":"imports/shared","content_hash":"blake3:785e6ee604c39ec7a47438ce6314786e42d10533fac121bf7f12fe921eace2a6"}]}}