{
  "schema": "rulery.rulebook-lock/v1",
  "payload": {
    "root": {
      "package": "community-tool-library",
      "version": "0.1.0",
      "source": "root",
      "content_hash": "blake3:fd3cc780ca39d12b964bb00d8c52003ab0ccb9f207740fb5af9b5d457662b4e1"
    },
    "language_version": 1,
    "imports": []
  }
}
